
Microsoft Visual Studio Solution File, Format Version 12.00
# Visual Studio 2013
VisualStudioVersion = 12.0.31101.0
MinimumVisualStudioVersion = 10.0.40219.1
Project("{FAE04EC0-301F-11D3-BF4B-00C04F79EFBC}") = "GettingStarted", "GettingStarted\GettingStarted.csproj", "{86454602-2012-41C6-B9B2-C9FF01BB4B18}"
EndProject
Project("{2150E333-8FDC-42A3-9474-1A3956D46DE8}") = ".nuget", ".nuget", "{8BB2774E-2F6C-4AE0-A835-0C33406642C3}"
	ProjectSection(SolutionItems) = preProject
		.nuget\NuGet.Config = .nuget\NuGet.Config
		.nuget\NuGet.exe = .nuget\NuGet.exe
		.nuget\NuGet.targets = .nuget\NuGet.targets
	EndProjectSection
EndProject
Global
	GlobalSection(SolutionConfigurationPlatforms) = preSolution
		Debug|Any CPU = Debug|Any CPU
		Release|Any CPU = Release|Any CPU
	EndGlobalSection
	GlobalSection(ProjectConfigurationPlatforms) = postSolution
		{86454602-2012-41C6-B9B2-C9FF01BB4B18}.Debug|Any CPU.ActiveCfg = Debug|Any CPU
		{86454602-2012-41C6-B9B2-C9FF01BB4B18}.Debug|Any CPU.Build.0 = Debug|Any CPU
		{86454602-2012-41C6-B9B2-C9FF01BB4B18}.Release|Any CPU.ActiveCfg = Release|Any CPU
		{86454602-2012-41C6-B9B2-C9FF01BB4B18}.Release|Any CPU.Build.0 = Release|Any CPU
	EndGlobalSection
	GlobalSection(SolutionProperties) = preSolution
		HideSolutionNode = FALSE
	EndGlobalSection
EndGlobal
